
Microsoft Visual Studio Solution File, Format Version 12.00
# Visual Studio 15
VisualStudioVersion = 15.0.27130.2036
MinimumVisualStudioVersion = 10.0.40219.1
Project("{FAE04EC0-301F-11D3-BF4B-00C04F79EFBC}") = "WillfordCC", "WillfordCC\WillfordCC.csproj", "{C5D66017-F29F-4FCC-B4D8-C3897CD7A4CB}"
EndProject
Global
	GlobalSection(SolutionConfigurationPlatforms) = preSolution
		Debug|Any CPU = Debug|Any CPU
		Release|Any CPU = Release|Any CPU
	EndGlobalSection
	GlobalSection(ProjectConfigurationPlatforms) = postSolution
		{C5D66017-F29F-4FCC-B4D8-C3897CD7A4CB}.Debug|Any CPU.ActiveCfg = Debug|Any CPU
		{C5D66017-F29F-4FCC-B4D8-C3897CD7A4CB}.Debug|Any CPU.Build.0 = Debug|Any CPU
		{C5D66017-F29F-4FCC-B4D8-C3897CD7A4CB}.Release|Any CPU.ActiveCfg = Release|Any CPU
		{C5D66017-F29F-4FCC-B4D8-C3897CD7A4CB}.Release|Any CPU.Build.0 = Release|Any CPU
	EndGlobalSection
	GlobalSection(SolutionProperties) = preSolution
		HideSolutionNode = FALSE
	EndGlobalSection
	GlobalSection(ExtensibilityGlobals) = postSolution
		SolutionGuid = {8C4DE6FB-3791-4D7E-BB52-196B584DC764}
	EndGlobalSection
EndGlobal
